{
  "originHash" : "f8304d8eee4310536f50a3af05e0d95308e05bece9fe5c9e13afca28129426f8",
  "pins" : [
    {
      "identity" : "syrup",
      "kind" : "remoteSourceControl",
      "location" : "https://github.com/Project-Academy/Syrup.git",
      "state" : {
        "revision" : "277f8a9cc08435906ee55f988355dd0124f44681",
        "version" : "1.1.0"
      }
    },
    {
      "identity" : "tapioca",
      "kind" : "remoteSourceControl",
      "location" : "https://github.com/Project-Academy/Tapioca.git",
      "state" : {
        "revision" : "58b27ea68ac120387822e983e0ba460219c76d2a",
        "version" : "1.1.0"
      }
    }
  ],
  "version" : 3
}
