{
  "originHash" : "e78ab6651fda184084b3654080595a28ef460c6c602382f3d418220c4ec8ee55",
  "pins" : [
    {
      "identity" : "presto",
      "kind" : "remoteSourceControl",
      "location" : "https://github.com/Project-Academy/Presto",
      "state" : {
        "revision" : "5707f3146b525e5ddf2fd7d1f6ad593b12b9938a",
        "version" : "1.1.0"
      }
    },
    {
      "identity" : "tapioca",
      "kind" : "remoteSourceControl",
      "location" : "https://github.com/Project-Academy/Tapioca.git",
      "state" : {
        "revision" : "b20e6d4516842c2efa0c63ea68149e25375679a2",
        "version" : "1.0.1"
      }
    }
  ],
  "version" : 3
}
